
Microsoft Visual Studio Solution File, Format Version 12.00
# Visual Studio 14
VisualStudioVersion = 14.0.25420.1
MinimumVisualStudioVersion = 10.0.40219.1
Project("{FAE04EC0-301F-11D3-BF4B-00C04F79EFBC}") = "wf_app", "wf_app\wf_app.csproj", "{2103F0C5-9A77-4CA8-ADAE-1D659BEA4B1D}"
EndProject
Project("{00D1A9C2-B5F0-4AF3-8072-F6C62B433612}") = "db_quotas", "db_quotas\db_quotas.sqlproj", "{6DD8670C-4F94-420A-852D-3B71E5F7DFC5}"
EndProject
Project("{FAE04EC0-301F-11D3-BF4B-00C04F79EFBC}") = "sql_select", "sql_select\sql_select.csproj", "{5324C192-A471-4077-AC9E-D30669E5147D}"
EndProject
Project("{FAE04EC0-301F-11D3-BF4B-00C04F79EFBC}") = "report_WBR_catch", "report_WBR_catch\report_WBR_catch.csproj", "{0C0B1ADA-BB47-4E9D-BED2-49948D5B7A83}"
EndProject
Global
	GlobalSection(SolutionConfigurationPlatforms) = preSolution
		Debug|Any CPU = Debug|Any CPU
		Release|Any CPU = Release|Any CPU
	EndGlobalSection
	GlobalSection(ProjectConfigurationPlatforms) = postSolution
		{2103F0C5-9A77-4CA8-ADAE-1D659BEA4B1D}.Debug|Any CPU.ActiveCfg = Debug|Any CPU
		{2103F0C5-9A77-4CA8-ADAE-1D659BEA4B1D}.Debug|Any CPU.Build.0 = Debug|Any CPU
		{2103F0C5-9A77-4CA8-ADAE-1D659BEA4B1D}.Release|Any CPU.ActiveCfg = Release|Any CPU
		{2103F0C5-9A77-4CA8-ADAE-1D659BEA4B1D}.Release|Any CPU.Build.0 = Release|Any CPU
		{6DD8670C-4F94-420A-852D-3B71E5F7DFC5}.Debug|Any CPU.ActiveCfg = Debug|Any CPU
		{6DD8670C-4F94-420A-852D-3B71E5F7DFC5}.Debug|Any CPU.Build.0 = Debug|Any CPU
		{6DD8670C-4F94-420A-852D-3B71E5F7DFC5}.Debug|Any CPU.Deploy.0 = Debug|Any CPU
		{6DD8670C-4F94-420A-852D-3B71E5F7DFC5}.Release|Any CPU.ActiveCfg = Release|Any CPU
		{6DD8670C-4F94-420A-852D-3B71E5F7DFC5}.Release|Any CPU.Build.0 = Release|Any CPU
		{6DD8670C-4F94-420A-852D-3B71E5F7DFC5}.Release|Any CPU.Deploy.0 = Release|Any CPU
		{5324C192-A471-4077-AC9E-D30669E5147D}.Debug|Any CPU.ActiveCfg = Debug|Any CPU
		{5324C192-A471-4077-AC9E-D30669E5147D}.Debug|Any CPU.Build.0 = Debug|Any CPU
		{5324C192-A471-4077-AC9E-D30669E5147D}.Release|Any CPU.ActiveCfg = Release|Any CPU
		{5324C192-A471-4077-AC9E-D30669E5147D}.Release|Any CPU.Build.0 = Release|Any CPU
		{0C0B1ADA-BB47-4E9D-BED2-49948D5B7A83}.Debug|Any CPU.ActiveCfg = Debug|Any CPU
		{0C0B1ADA-BB47-4E9D-BED2-49948D5B7A83}.Debug|Any CPU.Build.0 = Debug|Any CPU
		{0C0B1ADA-BB47-4E9D-BED2-49948D5B7A83}.Release|Any CPU.ActiveCfg = Release|Any CPU
		{0C0B1ADA-BB47-4E9D-BED2-49948D5B7A83}.Release|Any CPU.Build.0 = Release|Any CPU
	EndGlobalSection
	GlobalSection(SolutionProperties) = preSolution
		HideSolutionNode = FALSE
	EndGlobalSection
EndGlobal
